
Microsoft Visual Studio Solution File, Format Version 12.00
# Visual Studio Version 17
VisualStudioVersion = 17.7.34031.279
MinimumVisualStudioVersion = 10.0.40219.1
Project("{FAE04EC0-301F-11D3-BF4B-00C04F79EFBC}") = "18.constructors", "18.constructors.csproj", "{77DA72CF-2999-4E84-B39A-1D275C28546A}"
EndProject
Global
	GlobalSection(SolutionConfigurationPlatforms) = preSolution
		Debug|Any CPU = Debug|Any CPU
		Release|Any CPU = Release|Any CPU
	EndGlobalSection
	GlobalSection(ProjectConfigurationPlatforms) = postSolution
		{77DA72CF-2999-4E84-B39A-1D275C28546A}.Debug|Any CPU.ActiveCfg = Debug|Any CPU
		{77DA72CF-2999-4E84-B39A-1D275C28546A}.Debug|Any CPU.Build.0 = Debug|Any CPU
		{77DA72CF-2999-4E84-B39A-1D275C28546A}.Release|Any CPU.ActiveCfg = Release|Any CPU
		{77DA72CF-2999-4E84-B39A-1D275C28546A}.Release|Any CPU.Build.0 = Release|Any CPU
	EndGlobalSection
	GlobalSection(SolutionProperties) = preSolution
		HideSolutionNode = FALSE
	EndGlobalSection
	GlobalSection(ExtensibilityGlobals) = postSolution
		SolutionGuid = {3EC9470B-01CA-4E09-B9BB-B7E30D9E8377}
	EndGlobalSection
EndGlobal
